
Microsoft Visual Studio Solution File, Format Version 12.00
# Visual Studio 15
VisualStudioVersion = 15.0.26124.0
MinimumVisualStudioVersion = 15.0.26124.0
Project("{2150E333-8FDC-42A3-9474-1A3956D46DE8}") = "Domain", "Domain", "{79F4C7E0-B93D-4EA0-A519-D540B8627A6D}"
EndProject
Project("{FAE04EC0-301F-11D3-BF4B-00C04F79EFBC}") = "Lab.Domain", "Domain\Lab.Domain\Lab.Domain.csproj", "{AF830AB3-472C-41A9-BAE3-7D77B7C662D1}"
EndProject
Project("{FAE04EC0-301F-11D3-BF4B-00C04F79EFBC}") = "Lab.Domain.Core", "Domain\Lab.Domain.Core\Lab.Domain.Core.csproj", "{B4C3A7C5-66ED-4B89-807A-7845294433AF}"
EndProject
Project("{2150E333-8FDC-42A3-9474-1A3956D46DE8}") = "Data", "Data", "{7C12D822-7D97-494A-BE93-AED837427FA5}"
EndProject
Project("{FAE04EC0-301F-11D3-BF4B-00C04F79EFBC}") = "Lab.Data", "Data\Lab.Data\Lab.Data.csproj", "{A5CE89D3-4D49-4DD2-A21E-F3506803B926}"
EndProject
Project("{2150E333-8FDC-42A3-9474-1A3956D46DE8}") = "Applications", "Applications", "{1479B84C-C6DF-43BE-986E-E8583B5D43EE}"
EndProject
Project("{FAE04EC0-301F-11D3-BF4B-00C04F79EFBC}") = "Lab.Application", "Applications\Lab.Application\Lab.Application.csproj", "{90F3BEAA-29C7-4B17-AA32-CFA6CD3269C4}"
EndProject
Project("{2150E333-8FDC-42A3-9474-1A3956D46DE8}") = "Services", "Services", "{61292FB4-ECA6-42D3-BC2D-EE0862850F70}"
EndProject
Project("{FAE04EC0-301F-11D3-BF4B-00C04F79EFBC}") = "Lab.Service.API", "Services\Lab.Service.API\Lab.Service.API.csproj", "{0DC43BE5-ECF3-4E58-AE59-EEC307199E2E}"
EndProject
Project("{2150E333-8FDC-42A3-9474-1A3956D46DE8}") = "CrossCutting", "CrossCutting", "{65D44DF4-78B6-46D5-A9F0-4F2722A9D72C}"
EndProject
Project("{FAE04EC0-301F-11D3-BF4B-00C04F79EFBC}") = "Lab.CrossCutting.IoC", "CrossCutting\Lab.CrossCutting.IoC\Lab.CrossCutting.IoC.csproj", "{31EA7D79-F961-41B9-83E4-7F155F1912B7}"
EndProject
Global
	GlobalSection(SolutionConfigurationPlatforms) = preSolution
		Debug|Any CPU = Debug|Any CPU
		Debug|x64 = Debug|x64
		Debug|x86 = Debug|x86
		Release|Any CPU = Release|Any CPU
		Release|x64 = Release|x64
		Release|x86 = Release|x86
	EndGlobalSection
	GlobalSection(SolutionProperties) = preSolution
		HideSolutionNode = FALSE
	EndGlobalSection
	GlobalSection(ProjectConfigurationPlatforms) = postSolution
		{AF830AB3-472C-41A9-BAE3-7D77B7C662D1}.Debug|Any CPU.ActiveCfg = Debug|Any CPU
		{AF830AB3-472C-41A9-BAE3-7D77B7C662D1}.Debug|Any CPU.Build.0 = Debug|Any CPU
		{AF830AB3-472C-41A9-BAE3-7D77B7C662D1}.Debug|x64.ActiveCfg = Debug|Any CPU
		{AF830AB3-472C-41A9-BAE3-7D77B7C662D1}.Debug|x64.Build.0 = Debug|Any CPU
		{AF830AB3-472C-41A9-BAE3-7D77B7C662D1}.Debug|x86.ActiveCfg = Debug|Any CPU
		{AF830AB3-472C-41A9-BAE3-7D77B7C662D1}.Debug|x86.Build.0 = Debug|Any CPU
		{AF830AB3-472C-41A9-BAE3-7D77B7C662D1}.Release|Any CPU.ActiveCfg = Release|Any CPU
		{AF830AB3-472C-41A9-BAE3-7D77B7C662D1}.Release|Any CPU.Build.0 = Release|Any CPU
		{AF830AB3-472C-41A9-BAE3-7D77B7C662D1}.Release|x64.ActiveCfg = Release|Any CPU
		{AF830AB3-472C-41A9-BAE3-7D77B7C662D1}.Release|x64.Build.0 = Release|Any CPU
		{AF830AB3-472C-41A9-BAE3-7D77B7C662D1}.Release|x86.ActiveCfg = Release|Any CPU
		{AF830AB3-472C-41A9-BAE3-7D77B7C662D1}.Release|x86.Build.0 = Release|Any CPU
		{B4C3A7C5-66ED-4B89-807A-7845294433AF}.Debug|Any CPU.ActiveCfg = Debug|Any CPU
		{B4C3A7C5-66ED-4B89-807A-7845294433AF}.Debug|Any CPU.Build.0 = Debug|Any CPU
		{B4C3A7C5-66ED-4B89-807A-7845294433AF}.Debug|x64.ActiveCfg = Debug|Any CPU
		{B4C3A7C5-66ED-4B89-807A-7845294433AF}.Debug|x64.Build.0 = Debug|Any CPU
		{B4C3A7C5-66ED-4B89-807A-7845294433AF}.Debug|x86.ActiveCfg = Debug|Any CPU
		{B4C3A7C5-66ED-4B89-807A-7845294433AF}.Debug|x86.Build.0 = Debug|Any CPU
		{B4C3A7C5-66ED-4B89-807A-7845294433AF}.Release|Any CPU.ActiveCfg = Release|Any CPU
		{B4C3A7C5-66ED-4B89-807A-7845294433AF}.Release|Any CPU.Build.0 = Release|Any CPU
		{B4C3A7C5-66ED-4B89-807A-7845294433AF}.Release|x64.ActiveCfg = Release|Any CPU
		{B4C3A7C5-66ED-4B89-807A-7845294433AF}.Release|x64.Build.0 = Release|Any CPU
		{B4C3A7C5-66ED-4B89-807A-7845294433AF}.Release|x86.ActiveCfg = Release|Any CPU
		{B4C3A7C5-66ED-4B89-807A-7845294433AF}.Release|x86.Build.0 = Release|Any CPU
		{A5CE89D3-4D49-4DD2-A21E-F3506803B926}.Debug|Any CPU.ActiveCfg = Debug|Any CPU
		{A5CE89D3-4D49-4DD2-A21E-F3506803B926}.Debug|Any CPU.Build.0 = Debug|Any CPU
		{A5CE89D3-4D49-4DD2-A21E-F3506803B926}.Debug|x64.ActiveCfg = Debug|Any CPU
		{A5CE89D3-4D49-4DD2-A21E-F3506803B926}.Debug|x64.Build.0 = Debug|Any CPU
		{A5CE89D3-4D49-4DD2-A21E-F3506803B926}.Debug|x86.ActiveCfg = Debug|Any CPU
		{A5CE89D3-4D49-4DD2-A21E-F3506803B926}.Debug|x86.Build.0 = Debug|Any CPU
		{A5CE89D3-4D49-4DD2-A21E-F3506803B926}.Release|Any CPU.ActiveCfg = Release|Any CPU
		{A5CE89D3-4D49-4DD2-A21E-F3506803B926}.Release|Any CPU.Build.0 = Release|Any CPU
		{A5CE89D3-4D49-4DD2-A21E-F3506803B926}.Release|x64.ActiveCfg = Release|Any CPU
		{A5CE89D3-4D49-4DD2-A21E-F3506803B926}.Release|x64.Build.0 = Release|Any CPU
		{A5CE89D3-4D49-4DD2-A21E-F3506803B926}.Release|x86.ActiveCfg = Release|Any CPU
		{A5CE89D3-4D49-4DD2-A21E-F3506803B926}.Release|x86.Build.0 = Release|Any CPU
		{90F3BEAA-29C7-4B17-AA32-CFA6CD3269C4}.Debug|Any CPU.ActiveCfg = Debug|Any CPU
		{90F3BEAA-29C7-4B17-AA32-CFA6CD3269C4}.Debug|Any CPU.Build.0 = Debug|Any CPU
		{90F3BEAA-29C7-4B17-AA32-CFA6CD3269C4}.Debug|x64.ActiveCfg = Debug|Any CPU
		{90F3BEAA-29C7-4B17-AA32-CFA6CD3269C4}.Debug|x64.Build.0 = Debug|Any CPU
		{90F3BEAA-29C7-4B17-AA32-CFA6CD3269C4}.Debug|x86.ActiveCfg = Debug|Any CPU
		{90F3BEAA-29C7-4B17-AA32-CFA6CD3269C4}.Debug|x86.Build.0 = Debug|Any CPU
		{90F3BEAA-29C7-4B17-AA32-CFA6CD3269C4}.Release|Any CPU.ActiveCfg = Release|Any CPU
		{90F3BEAA-29C7-4B17-AA32-CFA6CD3269C4}.Release|Any CPU.Build.0 = Release|Any CPU
		{90F3BEAA-29C7-4B17-AA32-CFA6CD3269C4}.Release|x64.ActiveCfg = Release|Any CPU
		{90F3BEAA-29C7-4B17-AA32-CFA6CD3269C4}.Release|x64.Build.0 = Release|Any CPU
		{90F3BEAA-29C7-4B17-AA32-CFA6CD3269C4}.Release|x86.ActiveCfg = Release|Any CPU
		{90F3BEAA-29C7-4B17-AA32-CFA6CD3269C4}.Release|x86.Build.0 = Release|Any CPU
		{0DC43BE5-ECF3-4E58-AE59-EEC307199E2E}.Debug|Any CPU.ActiveCfg = Debug|Any CPU
		{0DC43BE5-ECF3-4E58-AE59-EEC307199E2E}.Debug|Any CPU.Build.0 = Debug|Any CPU
		{0DC43BE5-ECF3-4E58-AE59-EEC307199E2E}.Debug|x64.ActiveCfg = Debug|Any CPU
		{0DC43BE5-ECF3-4E58-AE59-EEC307199E2E}.Debug|x64.Build.0 = Debug|Any CPU
		{0DC43BE5-ECF3-4E58-AE59-EEC307199E2E}.Debug|x86.ActiveCfg = Debug|Any CPU
		{0DC43BE5-ECF3-4E58-AE59-EEC307199E2E}.Debug|x86.Build.0 = Debug|Any CPU
		{0DC43BE5-ECF3-4E58-AE59-EEC307199E2E}.Release|Any CPU.ActiveCfg = Release|Any CPU
		{0DC43BE5-ECF3-4E58-AE59-EEC307199E2E}.Release|Any CPU.Build.0 = Release|Any CPU
		{0DC43BE5-ECF3-4E58-AE59-EEC307199E2E}.Release|x64.ActiveCfg = Release|Any CPU
		{0DC43BE5-ECF3-4E58-AE59-EEC307199E2E}.Release|x64.Build.0 = Release|Any CPU
		{0DC43BE5-ECF3-4E58-AE59-EEC307199E2E}.Release|x86.ActiveCfg = Release|Any CPU
		{0DC43BE5-ECF3-4E58-AE59-EEC307199E2E}.Release|x86.Build.0 = Release|Any CPU
		{31EA7D79-F961-41B9-83E4-7F155F1912B7}.Debug|Any CPU.ActiveCfg = Debug|Any CPU
		{31EA7D79-F961-41B9-83E4-7F155F1912B7}.Debug|Any CPU.Build.0 = Debug|Any CPU
		{31EA7D79-F961-41B9-83E4-7F155F1912B7}.Debug|x64.ActiveCfg = Debug|Any CPU
		{31EA7D79-F961-41B9-83E4-7F155F1912B7}.Debug|x64.Build.0 = Debug|Any CPU
		{31EA7D79-F961-41B9-83E4-7F155F1912B7}.Debug|x86.ActiveCfg = Debug|Any CPU
		{31EA7D79-F961-41B9-83E4-7F155F1912B7}.Debug|x86.Build.0 = Debug|Any CPU
		{31EA7D79-F961-41B9-83E4-7F155F1912B7}.Release|Any CPU.ActiveCfg = Release|Any CPU
		{31EA7D79-F961-41B9-83E4-7F155F1912B7}.Release|Any CPU.Build.0 = Release|Any CPU
		{31EA7D79-F961-41B9-83E4-7F155F1912B7}.Release|x64.ActiveCfg = Release|Any CPU
		{31EA7D79-F961-41B9-83E4-7F155F1912B7}.Release|x64.Build.0 = Release|Any CPU
		{31EA7D79-F961-41B9-83E4-7F155F1912B7}.Release|x86.ActiveCfg = Release|Any CPU
		{31EA7D79-F961-41B9-83E4-7F155F1912B7}.Release|x86.Build.0 = Release|Any CPU
	EndGlobalSection
	GlobalSection(NestedProjects) = preSolution
		{AF830AB3-472C-41A9-BAE3-7D77B7C662D1} = {79F4C7E0-B93D-4EA0-A519-D540B8627A6D}
		{B4C3A7C5-66ED-4B89-807A-7845294433AF} = {79F4C7E0-B93D-4EA0-A519-D540B8627A6D}
		{A5CE89D3-4D49-4DD2-A21E-F3506803B926} = {7C12D822-7D97-494A-BE93-AED837427FA5}
		{90F3BEAA-29C7-4B17-AA32-CFA6CD3269C4} = {1479B84C-C6DF-43BE-986E-E8583B5D43EE}
		{0DC43BE5-ECF3-4E58-AE59-EEC307199E2E} = {61292FB4-ECA6-42D3-BC2D-EE0862850F70}
		{31EA7D79-F961-41B9-83E4-7F155F1912B7} = {65D44DF4-78B6-46D5-A9F0-4F2722A9D72C}
	EndGlobalSection
EndGlobal
